
Microsoft Visual Studio Solution File, Format Version 12.00
# Visual Studio Version 17
VisualStudioVersion = 17.8.34330.188
MinimumVisualStudioVersion = 10.0.40219.1
Project("{FAE04EC0-301F-11D3-BF4B-00C04F79EFBC}") = "Kinect_TP", "Kinect_TP\Kinect_TP.csproj", "{D7090CBF-B418-46AE-9E3E-CD4F2B927382}"
EndProject
Project("{FAE04EC0-301F-11D3-BF4B-00C04F79EFBC}") = "Kinect_Utils", "Kinect_Utils\Kinect_Utils.csproj", "{2B95BFBC-1BAB-4ECB-9D5C-16BEC4985C24}"
EndProject
Global
	GlobalSection(SolutionConfigurationPlatforms) = preSolution
		Debug|Any CPU = Debug|Any CPU
		Release|Any CPU = Release|Any CPU
	EndGlobalSection
	GlobalSection(ProjectConfigurationPlatforms) = postSolution
		{D7090CBF-B418-46AE-9E3E-CD4F2B927382}.Debug|Any CPU.ActiveCfg = Debug|Any CPU
		{D7090CBF-B418-46AE-9E3E-CD4F2B927382}.Debug|Any CPU.Build.0 = Debug|Any CPU
		{D7090CBF-B418-46AE-9E3E-CD4F2B927382}.Release|Any CPU.ActiveCfg = Release|Any CPU
		{D7090CBF-B418-46AE-9E3E-CD4F2B927382}.Release|Any CPU.Build.0 = Release|Any CPU
		{2B95BFBC-1BAB-4ECB-9D5C-16BEC4985C24}.Debug|Any CPU.ActiveCfg = Debug|Any CPU
		{2B95BFBC-1BAB-4ECB-9D5C-16BEC4985C24}.Debug|Any CPU.Build.0 = Debug|Any CPU
		{2B95BFBC-1BAB-4ECB-9D5C-16BEC4985C24}.Release|Any CPU.ActiveCfg = Release|Any CPU
		{2B95BFBC-1BAB-4ECB-9D5C-16BEC4985C24}.Release|Any CPU.Build.0 = Release|Any CPU
	EndGlobalSection
	GlobalSection(SolutionProperties) = preSolution
		HideSolutionNode = FALSE
	EndGlobalSection
	GlobalSection(ExtensibilityGlobals) = postSolution
		SolutionGuid = {012E1890-10B2-4BE1-96EE-C8762ADDD1CD}
	EndGlobalSection
EndGlobal
